
Microsoft Visual Studio Solution File, Format Version 12.00
# Visual Studio Version 17
VisualStudioVersion = 17.1.31911.260
MinimumVisualStudioVersion = 10.0.40219.1
Project("{9A19103F-16F7-4668-BE54-9A1E7A4F7556}") = "Events and Delegates", "Events and Delegates.csproj", "{2A15415A-42E9-4F8F-808D-797ACB5D291E}"
EndProject
Project("{9A19103F-16F7-4668-BE54-9A1E7A4F7556}") = "Events and Delegates 2", "..\Events and Delegates 2\Events and Delegates 2.csproj", "{B4096607-3478-4BE7-9F9A-F85CDB0B5E1F}"
EndProject
Project("{9A19103F-16F7-4668-BE54-9A1E7A4F7556}") = "Action and Func", "..\Action and Func\Action and Func.csproj", "{F29964FE-AFE3-45A0-80C0-681755CA9571}"
EndProject
Project("{FAE04EC0-301F-11D3-BF4B-00C04F79EFBC}") = "Events", "..\Events\Events.csproj", "{B51C5F6F-9F58-4628-9A00-186DCBA4F6F8}"
EndProject
Global
	GlobalSection(SolutionConfigurationPlatforms) = preSolution
		Debug|Any CPU = Debug|Any CPU
		Release|Any CPU = Release|Any CPU
	EndGlobalSection
	GlobalSection(ProjectConfigurationPlatforms) = postSolution
		{2A15415A-42E9-4F8F-808D-797ACB5D291E}.Debug|Any CPU.ActiveCfg = Debug|Any CPU
		{2A15415A-42E9-4F8F-808D-797ACB5D291E}.Debug|Any CPU.Build.0 = Debug|Any CPU
		{2A15415A-42E9-4F8F-808D-797ACB5D291E}.Release|Any CPU.ActiveCfg = Release|Any CPU
		{2A15415A-42E9-4F8F-808D-797ACB5D291E}.Release|Any CPU.Build.0 = Release|Any CPU
		{B4096607-3478-4BE7-9F9A-F85CDB0B5E1F}.Debug|Any CPU.ActiveCfg = Debug|Any CPU
		{B4096607-3478-4BE7-9F9A-F85CDB0B5E1F}.Debug|Any CPU.Build.0 = Debug|Any CPU
		{B4096607-3478-4BE7-9F9A-F85CDB0B5E1F}.Release|Any CPU.ActiveCfg = Release|Any CPU
		{B4096607-3478-4BE7-9F9A-F85CDB0B5E1F}.Release|Any CPU.Build.0 = Release|Any CPU
		{F29964FE-AFE3-45A0-80C0-681755CA9571}.Debug|Any CPU.ActiveCfg = Debug|Any CPU
		{F29964FE-AFE3-45A0-80C0-681755CA9571}.Debug|Any CPU.Build.0 = Debug|Any CPU
		{F29964FE-AFE3-45A0-80C0-681755CA9571}.Release|Any CPU.ActiveCfg = Release|Any CPU
		{F29964FE-AFE3-45A0-80C0-681755CA9571}.Release|Any CPU.Build.0 = Release|Any CPU
		{B51C5F6F-9F58-4628-9A00-186DCBA4F6F8}.Debug|Any CPU.ActiveCfg = Debug|Any CPU
		{B51C5F6F-9F58-4628-9A00-186DCBA4F6F8}.Debug|Any CPU.Build.0 = Debug|Any CPU
		{B51C5F6F-9F58-4628-9A00-186DCBA4F6F8}.Release|Any CPU.ActiveCfg = Release|Any CPU
		{B51C5F6F-9F58-4628-9A00-186DCBA4F6F8}.Release|Any CPU.Build.0 = Release|Any CPU
	EndGlobalSection
	GlobalSection(SolutionProperties) = preSolution
		HideSolutionNode = FALSE
	EndGlobalSection
	GlobalSection(ExtensibilityGlobals) = postSolution
		SolutionGuid = {A2849154-F22A-4A31-B54A-DA41D3981E94}
	EndGlobalSection
EndGlobal
